
Microsoft Visual Studio Solution File, Format Version 12.00
# Visual Studio Version 16
VisualStudioVersion = 16.0.31729.503
MinimumVisualStudioVersion = 10.0.40219.1
Project("{FAE04EC0-301F-11D3-BF4B-00C04F79EFBC}") = "GeeksForGeeks.ArrayDemo", "GeeksForGeeks.ArrayDemo\GeeksForGeeks.ArrayDemo.csproj", "{4FBA65E1-2830-4661-9ACC-6C86F3E5A0CE}"
EndProject
Project("{FAE04EC0-301F-11D3-BF4B-00C04F79EFBC}") = "GeeksForGeeks.Search", "Search\GeeksForGeeks.Search.csproj", "{899B42C1-946F-4476-BE1F-0A9C2ABD4F48}"
EndProject
Global
	GlobalSection(SolutionConfigurationPlatforms) = preSolution
		Debug|Any CPU = Debug|Any CPU
		Release|Any CPU = Release|Any CPU
	EndGlobalSection
	GlobalSection(ProjectConfigurationPlatforms) = postSolution
		{4FBA65E1-2830-4661-9ACC-6C86F3E5A0CE}.Debug|Any CPU.ActiveCfg = Debug|Any CPU
		{4FBA65E1-2830-4661-9ACC-6C86F3E5A0CE}.Debug|Any CPU.Build.0 = Debug|Any CPU
		{4FBA65E1-2830-4661-9ACC-6C86F3E5A0CE}.Release|Any CPU.ActiveCfg = Release|Any CPU
		{4FBA65E1-2830-4661-9ACC-6C86F3E5A0CE}.Release|Any CPU.Build.0 = Release|Any CPU
		{899B42C1-946F-4476-BE1F-0A9C2ABD4F48}.Debug|Any CPU.ActiveCfg = Debug|Any CPU
		{899B42C1-946F-4476-BE1F-0A9C2ABD4F48}.Debug|Any CPU.Build.0 = Debug|Any CPU
		{899B42C1-946F-4476-BE1F-0A9C2ABD4F48}.Release|Any CPU.ActiveCfg = Release|Any CPU
		{899B42C1-946F-4476-BE1F-0A9C2ABD4F48}.Release|Any CPU.Build.0 = Release|Any CPU
	EndGlobalSection
	GlobalSection(SolutionProperties) = preSolution
		HideSolutionNode = FALSE
	EndGlobalSection
	GlobalSection(ExtensibilityGlobals) = postSolution
		SolutionGuid = {4CBE9B69-7DA6-4330-BC1E-A299FFF7C829}
	EndGlobalSection
EndGlobal
