
Microsoft Visual Studio Solution File, Format Version 12.00
# Visual Studio Version 16
VisualStudioVersion = 16.0.31729.503
MinimumVisualStudioVersion = 10.0.40219.1
Project("{9A19103F-16F7-4668-BE54-9A1E7A4F7556}") = "GeeksForGeeks.ArrayDemo", "GeeksForGeeks.ArrayDemo\GeeksForGeeks.ArrayDemo.csproj", "{4FBA65E1-2830-4661-9ACC-6C86F3E5A0CE}"
EndProject
Project("{9A19103F-16F7-4668-BE54-9A1E7A4F7556}") = "GeeksForGeeks.Search", "GeeksForGeeks.Search\GeeksForGeeks.Search.csproj", "{10194267-82B0-4EEA-A7BE-0E8441F4BE62}"
EndProject
Project("{9A19103F-16F7-4668-BE54-9A1E7A4F7556}") = "GeeksForGeeks.TimeSpaceComplexityAnalysis", "GeeksForGeeks.TimeSpaceComplexityAnalysis\GeeksForGeeks.TimeSpaceComplexityAnalysis.csproj", "{266AC09B-8FA5-4980-9684-F6796687E53F}"
EndProject
Project("{9A19103F-16F7-4668-BE54-9A1E7A4F7556}") = "GeeksForGeeks.Hashing", "GeeksForGeeks.Hashing\GeeksForGeeks.Hashing.csproj", "{775ABF98-0E3A-4C88-9EE4-9BA05006F4C8}"
EndProject
Project("{9A19103F-16F7-4668-BE54-9A1E7A4F7556}") = "GeeksForGeeks.Recursion", "GeeksForGeeks.Recursion\GeeksForGeeks.Recursion.csproj", "{57C0E932-0262-40A1-A803-AEF98CB3671A}"
EndProject
Project("{9A19103F-16F7-4668-BE54-9A1E7A4F7556}") = "GeeksForGeeks.Common", "GeeksForGeeks.Common\GeeksForGeeks.Common.csproj", "{8521ABB1-1F0E-424A-A4B1-12623324F69A}"
EndProject
Project("{FAE04EC0-301F-11D3-BF4B-00C04F79EFBC}") = "GeeksForGeeks.Mathematics", "GeeksForGeeks.Mathematics\GeeksForGeeks.Mathematics.csproj", "{2F8C11B3-6383-4132-B1E6-143ACB163375}"
EndProject
Project("{FAE04EC0-301F-11D3-BF4B-00C04F79EFBC}") = "GeeksForGeeks.BitMagic", "GeeksForGeeks.BitMagic\GeeksForGeeks.BitMagic.csproj", "{3AADD0E4-3737-4876-9789-1F5BC8CF6E01}"
EndProject
Project("{FAE04EC0-301F-11D3-BF4B-00C04F79EFBC}") = "GeeksForGeeks.SortingDemo", "GeeksForGeeks.SortingDemo\GeeksForGeeks.SortingDemo.csproj", "{B824D1D3-53DC-4738-8484-D8DFFF9D9A72}"
EndProject
Global
	GlobalSection(SolutionConfigurationPlatforms) = preSolution
		Debug|Any CPU = Debug|Any CPU
		Release|Any CPU = Release|Any CPU
	EndGlobalSection
	GlobalSection(ProjectConfigurationPlatforms) = postSolution
		{4FBA65E1-2830-4661-9ACC-6C86F3E5A0CE}.Debug|Any CPU.ActiveCfg = Debug|Any CPU
		{4FBA65E1-2830-4661-9ACC-6C86F3E5A0CE}.Debug|Any CPU.Build.0 = Debug|Any CPU
		{4FBA65E1-2830-4661-9ACC-6C86F3E5A0CE}.Release|Any CPU.ActiveCfg = Release|Any CPU
		{4FBA65E1-2830-4661-9ACC-6C86F3E5A0CE}.Release|Any CPU.Build.0 = Release|Any CPU
		{10194267-82B0-4EEA-A7BE-0E8441F4BE62}.Debug|Any CPU.ActiveCfg = Debug|Any CPU
		{10194267-82B0-4EEA-A7BE-0E8441F4BE62}.Debug|Any CPU.Build.0 = Debug|Any CPU
		{10194267-82B0-4EEA-A7BE-0E8441F4BE62}.Release|Any CPU.ActiveCfg = Release|Any CPU
		{10194267-82B0-4EEA-A7BE-0E8441F4BE62}.Release|Any CPU.Build.0 = Release|Any CPU
		{266AC09B-8FA5-4980-9684-F6796687E53F}.Debug|Any CPU.ActiveCfg = Debug|Any CPU
		{266AC09B-8FA5-4980-9684-F6796687E53F}.Debug|Any CPU.Build.0 = Debug|Any CPU
		{266AC09B-8FA5-4980-9684-F6796687E53F}.Release|Any CPU.ActiveCfg = Release|Any CPU
		{266AC09B-8FA5-4980-9684-F6796687E53F}.Release|Any CPU.Build.0 = Release|Any CPU
		{775ABF98-0E3A-4C88-9EE4-9BA05006F4C8}.Debug|Any CPU.ActiveCfg = Debug|Any CPU
		{775ABF98-0E3A-4C88-9EE4-9BA05006F4C8}.Debug|Any CPU.Build.0 = Debug|Any CPU
		{775ABF98-0E3A-4C88-9EE4-9BA05006F4C8}.Release|Any CPU.ActiveCfg = Release|Any CPU
		{775ABF98-0E3A-4C88-9EE4-9BA05006F4C8}.Release|Any CPU.Build.0 = Release|Any CPU
		{57C0E932-0262-40A1-A803-AEF98CB3671A}.Debug|Any CPU.ActiveCfg = Debug|Any CPU
		{57C0E932-0262-40A1-A803-AEF98CB3671A}.Debug|Any CPU.Build.0 = Debug|Any CPU
		{57C0E932-0262-40A1-A803-AEF98CB3671A}.Release|Any CPU.ActiveCfg = Release|Any CPU
		{57C0E932-0262-40A1-A803-AEF98CB3671A}.Release|Any CPU.Build.0 = Release|Any CPU
		{8521ABB1-1F0E-424A-A4B1-12623324F69A}.Debug|Any CPU.ActiveCfg = Debug|Any CPU
		{8521ABB1-1F0E-424A-A4B1-12623324F69A}.Debug|Any CPU.Build.0 = Debug|Any CPU
		{8521ABB1-1F0E-424A-A4B1-12623324F69A}.Release|Any CPU.ActiveCfg = Release|Any CPU
		{8521ABB1-1F0E-424A-A4B1-12623324F69A}.Release|Any CPU.Build.0 = Release|Any CPU
		{2F8C11B3-6383-4132-B1E6-143ACB163375}.Debug|Any CPU.ActiveCfg = Debug|Any CPU
		{2F8C11B3-6383-4132-B1E6-143ACB163375}.Debug|Any CPU.Build.0 = Debug|Any CPU
		{2F8C11B3-6383-4132-B1E6-143ACB163375}.Release|Any CPU.ActiveCfg = Release|Any CPU
		{2F8C11B3-6383-4132-B1E6-143ACB163375}.Release|Any CPU.Build.0 = Release|Any CPU
		{3AADD0E4-3737-4876-9789-1F5BC8CF6E01}.Debug|Any CPU.ActiveCfg = Debug|Any CPU
		{3AADD0E4-3737-4876-9789-1F5BC8CF6E01}.Debug|Any CPU.Build.0 = Debug|Any CPU
		{3AADD0E4-3737-4876-9789-1F5BC8CF6E01}.Release|Any CPU.ActiveCfg = Release|Any CPU
		{3AADD0E4-3737-4876-9789-1F5BC8CF6E01}.Release|Any CPU.Build.0 = Release|Any CPU
		{B824D1D3-53DC-4738-8484-D8DFFF9D9A72}.Debug|Any CPU.ActiveCfg = Debug|Any CPU
		{B824D1D3-53DC-4738-8484-D8DFFF9D9A72}.Debug|Any CPU.Build.0 = Debug|Any CPU
		{B824D1D3-53DC-4738-8484-D8DFFF9D9A72}.Release|Any CPU.ActiveCfg = Release|Any CPU
		{B824D1D3-53DC-4738-8484-D8DFFF9D9A72}.Release|Any CPU.Build.0 = Release|Any CPU
	EndGlobalSection
	GlobalSection(SolutionProperties) = preSolution
		HideSolutionNode = FALSE
	EndGlobalSection
	GlobalSection(ExtensibilityGlobals) = postSolution
		SolutionGuid = {4CBE9B69-7DA6-4330-BC1E-A299FFF7C829}
	EndGlobalSection
EndGlobal
