
Microsoft Visual Studio Solution File, Format Version 12.00
# Visual Studio Version 16
VisualStudioVersion = 16.0.31729.503
MinimumVisualStudioVersion = 10.0.40219.1
Project("{9A19103F-16F7-4668-BE54-9A1E7A4F7556}") = "LeetCode", "LeetCode\LeetCode.csproj", "{C9EF8C69-B3A4-488A-8C78-D7DCD0749506}"
EndProject
Project("{9A19103F-16F7-4668-BE54-9A1E7A4F7556}") = "LeetCode.TreeDemo", "LeetCode.TreeDemo\LeetCode.TreeDemo.csproj", "{09BA7530-4909-4B93-BA4D-6555FEA25623}"
EndProject
Project("{9A19103F-16F7-4668-BE54-9A1E7A4F7556}") = "LeetCode.BinarySearchTree", "LeetCode.BinarySearchTree\LeetCode.BinarySearchTree.csproj", "{E2905B80-3212-48A4-A864-E238F83FF190}"
EndProject
Project("{FAE04EC0-301F-11D3-BF4B-00C04F79EFBC}") = "LeetCode.HeapDemo", "LeetCode.HeapDemo\LeetCode.HeapDemo.csproj", "{7D89F3D1-605D-4242-B3B5-9D4094DDBB71}"
EndProject
Global
	GlobalSection(SolutionConfigurationPlatforms) = preSolution
		Debug|Any CPU = Debug|Any CPU
		Release|Any CPU = Release|Any CPU
	EndGlobalSection
	GlobalSection(ProjectConfigurationPlatforms) = postSolution
		{C9EF8C69-B3A4-488A-8C78-D7DCD0749506}.Debug|Any CPU.ActiveCfg = Debug|Any CPU
		{C9EF8C69-B3A4-488A-8C78-D7DCD0749506}.Debug|Any CPU.Build.0 = Debug|Any CPU
		{C9EF8C69-B3A4-488A-8C78-D7DCD0749506}.Release|Any CPU.ActiveCfg = Release|Any CPU
		{C9EF8C69-B3A4-488A-8C78-D7DCD0749506}.Release|Any CPU.Build.0 = Release|Any CPU
		{09BA7530-4909-4B93-BA4D-6555FEA25623}.Debug|Any CPU.ActiveCfg = Debug|Any CPU
		{09BA7530-4909-4B93-BA4D-6555FEA25623}.Debug|Any CPU.Build.0 = Debug|Any CPU
		{09BA7530-4909-4B93-BA4D-6555FEA25623}.Release|Any CPU.ActiveCfg = Release|Any CPU
		{09BA7530-4909-4B93-BA4D-6555FEA25623}.Release|Any CPU.Build.0 = Release|Any CPU
		{E2905B80-3212-48A4-A864-E238F83FF190}.Debug|Any CPU.ActiveCfg = Debug|Any CPU
		{E2905B80-3212-48A4-A864-E238F83FF190}.Debug|Any CPU.Build.0 = Debug|Any CPU
		{E2905B80-3212-48A4-A864-E238F83FF190}.Release|Any CPU.ActiveCfg = Release|Any CPU
		{E2905B80-3212-48A4-A864-E238F83FF190}.Release|Any CPU.Build.0 = Release|Any CPU
		{7D89F3D1-605D-4242-B3B5-9D4094DDBB71}.Debug|Any CPU.ActiveCfg = Debug|Any CPU
		{7D89F3D1-605D-4242-B3B5-9D4094DDBB71}.Debug|Any CPU.Build.0 = Debug|Any CPU
		{7D89F3D1-605D-4242-B3B5-9D4094DDBB71}.Release|Any CPU.ActiveCfg = Release|Any CPU
		{7D89F3D1-605D-4242-B3B5-9D4094DDBB71}.Release|Any CPU.Build.0 = Release|Any CPU
	EndGlobalSection
	GlobalSection(SolutionProperties) = preSolution
		HideSolutionNode = FALSE
	EndGlobalSection
	GlobalSection(ExtensibilityGlobals) = postSolution
		SolutionGuid = {38C9A75B-EB7E-4C4B-961C-F7326567FB27}
	EndGlobalSection
EndGlobal
